
Microsoft Visual Studio Solution File, Format Version 12.00
# Visual Studio Version 17
VisualStudioVersion = 17.4.33213.308
MinimumVisualStudioVersion = 10.0.40219.1
Project("{FAE04EC0-301F-11D3-BF4B-00C04F79EFBC}") = "Deliverable_3", "Deliverable_3\Deliverable_3.csproj", "{46CB04DA-7F88-48CD-8A47-2202A6413386}"
EndProject
Global
	GlobalSection(SolutionConfigurationPlatforms) = preSolution
		Debug|Any CPU = Debug|Any CPU
		Release|Any CPU = Release|Any CPU
	EndGlobalSection
	GlobalSection(ProjectConfigurationPlatforms) = postSolution
		{46CB04DA-7F88-48CD-8A47-2202A6413386}.Debug|Any CPU.ActiveCfg = Debug|Any CPU
		{46CB04DA-7F88-48CD-8A47-2202A6413386}.Debug|Any CPU.Build.0 = Debug|Any CPU
		{46CB04DA-7F88-48CD-8A47-2202A6413386}.Release|Any CPU.ActiveCfg = Release|Any CPU
		{46CB04DA-7F88-48CD-8A47-2202A6413386}.Release|Any CPU.Build.0 = Release|Any CPU
	EndGlobalSection
	GlobalSection(SolutionProperties) = preSolution
		HideSolutionNode = FALSE
	EndGlobalSection
	GlobalSection(ExtensibilityGlobals) = postSolution
		SolutionGuid = {9447D764-5BFA-4AF4-A387-82D371F43A4A}
	EndGlobalSection
EndGlobal
